
Microsoft Visual Studio Solution File, Format Version 12.00
# Visual Studio 14
VisualStudioVersion = 14.0.25420.1
MinimumVisualStudioVersion = 10.0.40219.1
Project("{FAE04EC0-301F-11D3-BF4B-00C04F79EFBC}") = "TS_Connect", "TS_Connect\TS_Connect.csproj", "{A28D28CA-7919-4D36-BF31-EE5D9C66A40A}"
EndProject
Project("{FAE04EC0-301F-11D3-BF4B-00C04F79EFBC}") = "DataAccessLayer", "DataAccessLayer\DataAccessLayer.csproj", "{1F839718-5933-4693-805C-F98DAE99E49B}"
EndProject
Project("{FAE04EC0-301F-11D3-BF4B-00C04F79EFBC}") = "BusinessAccessLayer", "BusinessAccessLayer\BusinessAccessLayer.csproj", "{B3292D3A-F65C-4819-B324-A63E48E04883}"
EndProject
Project("{FAE04EC0-301F-11D3-BF4B-00C04F79EFBC}") = "BusinessObject", "BusinessObject\BusinessObject.csproj", "{09636DCB-9593-478C-A2CB-6CA73D95428D}"
EndProject
Global
	GlobalSection(SolutionConfigurationPlatforms) = preSolution
		Debug|Any CPU = Debug|Any CPU
		Release|Any CPU = Release|Any CPU
	EndGlobalSection
	GlobalSection(ProjectConfigurationPlatforms) = postSolution
		{A28D28CA-7919-4D36-BF31-EE5D9C66A40A}.Debug|Any CPU.ActiveCfg = Debug|Any CPU
		{A28D28CA-7919-4D36-BF31-EE5D9C66A40A}.Debug|Any CPU.Build.0 = Debug|Any CPU
		{A28D28CA-7919-4D36-BF31-EE5D9C66A40A}.Release|Any CPU.ActiveCfg = Release|Any CPU
		{A28D28CA-7919-4D36-BF31-EE5D9C66A40A}.Release|Any CPU.Build.0 = Release|Any CPU
		{1F839718-5933-4693-805C-F98DAE99E49B}.Debug|Any CPU.ActiveCfg = Debug|Any CPU
		{1F839718-5933-4693-805C-F98DAE99E49B}.Debug|Any CPU.Build.0 = Debug|Any CPU
		{1F839718-5933-4693-805C-F98DAE99E49B}.Release|Any CPU.ActiveCfg = Release|Any CPU
		{1F839718-5933-4693-805C-F98DAE99E49B}.Release|Any CPU.Build.0 = Release|Any CPU
		{B3292D3A-F65C-4819-B324-A63E48E04883}.Debug|Any CPU.ActiveCfg = Debug|Any CPU
		{B3292D3A-F65C-4819-B324-A63E48E04883}.Debug|Any CPU.Build.0 = Debug|Any CPU
		{B3292D3A-F65C-4819-B324-A63E48E04883}.Release|Any CPU.ActiveCfg = Release|Any CPU
		{B3292D3A-F65C-4819-B324-A63E48E04883}.Release|Any CPU.Build.0 = Release|Any CPU
		{09636DCB-9593-478C-A2CB-6CA73D95428D}.Debug|Any CPU.ActiveCfg = Debug|Any CPU
		{09636DCB-9593-478C-A2CB-6CA73D95428D}.Debug|Any CPU.Build.0 = Debug|Any CPU
		{09636DCB-9593-478C-A2CB-6CA73D95428D}.Release|Any CPU.ActiveCfg = Release|Any CPU
		{09636DCB-9593-478C-A2CB-6CA73D95428D}.Release|Any CPU.Build.0 = Release|Any CPU
	EndGlobalSection
	GlobalSection(SolutionProperties) = preSolution
		HideSolutionNode = FALSE
	EndGlobalSection
EndGlobal
